// !$*UTF8*$!
{
	archiveVersion = 1;
	classes = {
	};
	objectVersion = 46;
	objects = {

/* Begin PBXBuildFile section */
		AFA983A01992ECF000EAB611 /* Spring.mp3 in Resources */ = {isa = PBXBuildFile; fileRef = AFA9839F1992ECF000EAB611 /* Spring.mp3 */; };
		AFAABBFD198F106400E23E72 /* libJSONKit.a in Frameworks */ = {isa = PBXBuildFile; fileRef = AFAABBE1198F0D7600E23E72 /* libJSONKit.a */; };
		AFAABBFE198F106400E23E72 /* libOAuth2Client.a in Frameworks */ = {isa = PBXBuildFile; fileRef = AFAABBEC198F0D8200E23E72 /* libOAuth2Client.a */; };
		AFAABBFF198F106400E23E72 /* libOHAttributedLabel.a in Frameworks */ = {isa = PBXBuildFile; fileRef = AFAABBF2198F0D9200E23E72 /* libOHAttributedLabel.a */; };
		AFAABC00198F106400E23E72 /* libSoundCloudAPI.a in Frameworks */ = {isa = PBXBuildFile; fileRef = AFAABBDA198F0D6400E23E72 /* libSoundCloudAPI.a */; };
		AFAABC01198F106400E23E72 /* libSoundCloudUI.a in Frameworks */ = {isa = PBXBuildFile; fileRef = AFAABBCF198F0D2D00E23E72 /* libSoundCloudUI.a */; };
		AFAABC03198F107300E23E72 /* AddressBook.framework in Frameworks */ = {isa = PBXBuildFile; fileRef = AFAABC02198F107300E23E72 /* AddressBook.framework */; };
		AFAABC05198F107C00E23E72 /* AddressBookUI.framework in Frameworks */ = {isa = PBXBuildFile; fileRef = AFAABC04198F107C00E23E72 /* AddressBookUI.framework */; };
		AFAABC08198F108E00E23E72 /* CoreLocation.framework in Frameworks */ = {isa = PBXBuildFile; fileRef = AFAABC06198F108E00E23E72 /* CoreLocation.framework */; };
		AFAABC09198F108E00E23E72 /* CoreText.framework in Frameworks */ = {isa = PBXBuildFile; fileRef = AFAABC07198F108E00E23E72 /* CoreText.framework */; };
		AFAABC0B198F109A00E23E72 /* QuartzCore.framework in Frameworks */ = {isa = PBXBuildFile; fileRef = AFAABC0A198F109A00E23E72 /* QuartzCore.framework */; };
		AFAABC0D198F10A200E23E72 /* Security.framework in Frameworks */ = {isa = PBXBuildFile; fileRef = AFAABC0C198F10A200E23E72 /* Security.framework */; };
		AFAABC0F198F11C800E23E72 /* SoundCloud.bundle in Resources */ = {isa = PBXBuildFile; fileRef = AFAABC0E198F11C800E23E72 /* SoundCloud.bundle */; };
		AFAABC12198F506F00E23E72 /* SCTTrackListViewController.m in Sources */ = {isa = PBXBuildFile; fileRef = AFAABC11198F506F00E23E72 /* SCTTrackListViewController.m */; };
		AFAABC14198F563000E23E72 /* AVFoundation.framework in Frameworks */ = {isa = PBXBuildFile; fileRef = AFAABC13198F563000E23E72 /* AVFoundation.framework */; };
		AFB2ECFE1989E10300510FEE /* Foundation.framework in Frameworks */ = {isa = PBXBuildFile; fileRef = AFB2ECFD1989E10300510FEE /* Foundation.framework */; };
		AFB2ED001989E10300510FEE /* CoreGraphics.framework in Frameworks */ = {isa = PBXBuildFile; fileRef = AFB2ECFF1989E10300510FEE /* CoreGraphics.framework */; };
		AFB2ED021989E10300510FEE /* UIKit.framework in Frameworks */ = {isa = PBXBuildFile; fileRef = AFB2ED011989E10300510FEE /* UIKit.framework */; };
		AFB2ED081989E10300510FEE /* InfoPlist.strings in Resources */ = {isa = PBXBuildFile; fileRef = AFB2ED061989E10300510FEE /* InfoPlist.strings */; };
		AFB2ED0A1989E10300510FEE /* main.m in Sources */ = {isa = PBXBuildFile; fileRef = AFB2ED091989E10300510FEE /* main.m */; };
		AFB2ED0E1989E10300510FEE /* SDCAppDelegate.m in Sources */ = {isa = PBXBuildFile; fileRef = AFB2ED0D1989E10300510FEE /* SDCAppDelegate.m */; };
		AFB2ED111989E10300510FEE /* Main.storyboard in Resources */ = {isa = PBXBuildFile; fileRef = AFB2ED0F1989E10300510FEE /* Main.storyboard */; };
		AFB2ED141989E10300510FEE /* SDCViewController.m in Sources */ = {isa = PBXBuildFile; fileRef = AFB2ED131989E10300510FEE /* SDCViewController.m */; };
		AFB2ED161989E10300510FEE /* Images.xcassets in Resources */ = {isa = PBXBuildFile; fileRef = AFB2ED151989E10300510FEE /* Images.xcassets */; };
		AFB2ED1D1989E10300510FEE /* XCTest.framework in Frameworks */ = {isa = PBXBuildFile; fileRef = AFB2ED1C1989E10300510FEE /* XCTest.framework */; };
		AFB2ED1E1989E10300510FEE /* Foundation.framework in Frameworks */ = {isa = PBXBuildFile; fileRef = AFB2ECFD1989E10300510FEE /* Foundation.framework */; };
		AFB2ED1F1989E10300510FEE /* UIKit.framework in Frameworks */ = {isa = PBXBuildFile; fileRef = AFB2ED011989E10300510FEE /* UIKit.framework */; };
		AFB2ED271989E10300510FEE /* InfoPlist.strings in Resources */ = {isa = PBXBuildFile; fileRef = AFB2ED251989E10300510FEE /* InfoPlist.strings */; };
		AFB2ED291989E10400510FEE /* SampleAppTests.m in Sources */ = {isa = PBXBuildFile; fileRef = AFB2ED281989E10400510FEE /* SampleAppTests.m */; };
/* End PBXBuildFile section */

/* Begin PBXContainerItemProxy section */
		AFAABBCE198F0D2D00E23E72 /* PBXContainerItemProxy */ = {
			isa = PBXContainerItemProxy;
			containerPortal = AFAABBC9198F0D2C00E23E72 /* SoundCloudUI.xcodeproj */;
			proxyType = 2;
			remoteGlobalIDString = F6EF8C6113F929D700B20B40;
			remoteInfo = libSoundCloudUI;
		};
		AFAABBD0198F0D2D00E23E72 /* PBXContainerItemProxy */ = {
			isa = PBXContainerItemProxy;
			containerPortal = AFAABBC9198F0D2C00E23E72 /* SoundCloudUI.xcodeproj */;
			proxyType = 2;
			remoteGlobalIDString = F62E0CE5148FB27100BE8F14;
			remoteInfo = SoundCloudUI.framework;
		};
		AFAABBD7198F0D6400E23E72 /* PBXContainerItemProxy */ = {
			isa = PBXContainerItemProxy;
			containerPortal = AFAABBD2198F0D6300E23E72 /* SoundCloudAPI.xcodeproj */;
			proxyType = 2;
			remoteGlobalIDString = 94535F86123FAFDF00BD668A;
			remoteInfo = SoundCloudAPI.framework;
		};
		AFAABBD9198F0D6400E23E72 /* PBXContainerItemProxy */ = {
			isa = PBXContainerItemProxy;
			containerPortal = AFAABBD2198F0D6300E23E72 /* SoundCloudAPI.xcodeproj */;
			proxyType = 2;
			remoteGlobalIDString = D2AAC07E0554694100DB518D;
			remoteInfo = SoundCloudAPI;
		};
		AFAABBE0198F0D7600E23E72 /* PBXContainerItemProxy */ = {
			isa = PBXContainerItemProxy;
			containerPortal = AFAABBDB198F0D7600E23E72 /* JSONKit.xcodeproj */;
			proxyType = 2;
			remoteGlobalIDString = F6803523148F6D22008A51BA;
			remoteInfo = libJSONKit;
		};
		AFAABBE2198F0D7600E23E72 /* PBXContainerItemProxy */ = {
			isa = PBXContainerItemProxy;
			containerPortal = AFAABBDB198F0D7600E23E72 /* JSONKit.xcodeproj */;
			proxyType = 2;
			remoteGlobalIDString = F6AE0202148F825C0004909F;
			remoteInfo = JSONKit.framework;
		};
		AFAABBE9198F0D8200E23E72 /* PBXContainerItemProxy */ = {
			isa = PBXContainerItemProxy;
			containerPortal = AFAABBE4198F0D8200E23E72 /* OAuth2Client.xcodeproj */;
			proxyType = 2;
			remoteGlobalIDString = 942FFCD612315E0A00E6C65E;
			remoteInfo = OAuth2Client.framework;
		};
		AFAABBEB198F0D8200E23E72 /* PBXContainerItemProxy */ = {
			isa = PBXContainerItemProxy;
			containerPortal = AFAABBE4198F0D8200E23E72 /* OAuth2Client.xcodeproj */;
			proxyType = 2;
			remoteGlobalIDString = D2AAC07E0554694100DB518D;
			remoteInfo = OAuth2Client;
		};
		AFAABBF1198F0D9200E23E72 /* PBXContainerItemProxy */ = {
			isa = PBXContainerItemProxy;
			containerPortal = AFAABBED198F0D9200E23E72 /* OHAttributedLabel.xcodeproj */;
			proxyType = 2;
			remoteGlobalIDString = F62728FA148F70DF00314599;
			remoteInfo = OHAttributedLabel;
		};
		AFAABBF3198F103900E23E72 /* PBXContainerItemProxy */ = {
			isa = PBXContainerItemProxy;
			containerPortal = AFAABBED198F0D9200E23E72 /* OHAttributedLabel.xcodeproj */;
			proxyType = 1;
			remoteGlobalIDString = F62728F9148F70DF00314599;
			remoteInfo = OHAttributedLabel;
		};
		AFAABBF5198F103900E23E72 /* PBXContainerItemProxy */ = {
			isa = PBXContainerItemProxy;
			containerPortal = AFAABBE4198F0D8200E23E72 /* OAuth2Client.xcodeproj */;
			proxyType = 1;
			remoteGlobalIDString = D2AAC07D0554694100DB518D;
			remoteInfo = OAuth2Client;
		};
		AFAABBF7198F103900E23E72 /* PBXContainerItemProxy */ = {
			isa = PBXContainerItemProxy;
			containerPortal = AFAABBDB198F0D7600E23E72 /* JSONKit.xcodeproj */;
			proxyType = 1;
			remoteGlobalIDString = F6803522148F6D22008A51BA;
			remoteInfo = libJSONKit;
		};
		AFAABBF9198F103900E23E72 /* PBXContainerItemProxy */ = {
			isa = PBXContainerItemProxy;
			containerPortal = AFAABBD2198F0D6300E23E72 /* SoundCloudAPI.xcodeproj */;
			proxyType = 1;
			remoteGlobalIDString = D2AAC07D0554694100DB518D;
			remoteInfo = SoundCloudAPI;
		};
		AFAABBFB198F103E00E23E72 /* PBXContainerItemProxy */ = {
			isa = PBXContainerItemProxy;
			containerPortal = AFAABBC9198F0D2C00E23E72 /* SoundCloudUI.xcodeproj */;
			proxyType = 1;
			remoteGlobalIDString = F6EF8C6013F929D700B20B40;
			remoteInfo = libSoundCloudUI;
		};
		AFB2ED201989E10300510FEE /* PBXContainerItemProxy */ = {
			isa = PBXContainerItemProxy;
			containerPortal = AFB2ECF21989E10300510FEE /* Project object */;
			proxyType = 1;
			remoteGlobalIDString = AFB2ECF91989E10300510FEE;
			remoteInfo = SampleApp;
		};
/* End PBXContainerItemProxy section */

/* Begin PBXFileReference section */
		AFA9839F1992ECF000EAB611 /* Spring.mp3 */ = {isa = PBXFileReference; lastKnownFileType = audio.mp3; path = Spring.mp3; sourceTree = "<group>"; };
		AFAABBC9198F0D2C00E23E72 /* SoundCloudUI.xcodeproj */ = {isa = PBXFileReference; lastKnownFileType = "wrapper.pb-project"; name = SoundCloudUI.xcodeproj; path = CocoaSoundCloudUI/SoundCloudUI.xcodeproj; sourceTree = "<group>"; };
		AFAABBD2198F0D6300E23E72 /* SoundCloudAPI.xcodeproj */ = {isa = PBXFileReference; lastKnownFileType = "wrapper.pb-project"; name = SoundCloudAPI.xcodeproj; path = CocoaSoundCloudAPI/SoundCloudAPI.xcodeproj; sourceTree = "<group>"; };
		AFAABBDB198F0D7600E23E72 /* JSONKit.xcodeproj */ = {isa = PBXFileReference; lastKnownFileType = "wrapper.pb-project"; name = JSONKit.xcodeproj; path = JSONKit/JSONKit.xcodeproj; sourceTree = "<group>"; };
		AFAABBE4198F0D8200E23E72 /* OAuth2Client.xcodeproj */ = {isa = PBXFileReference; lastKnownFileType = "wrapper.pb-project"; name = OAuth2Client.xcodeproj; path = OAuth2Client/OAuth2Client.xcodeproj; sourceTree = "<group>"; };
		AFAABBED198F0D9200E23E72 /* OHAttributedLabel.xcodeproj */ = {isa = PBXFileReference; lastKnownFileType = "wrapper.pb-project"; name = OHAttributedLabel.xcodeproj; path = OHAttributedLabel/OHAttributedLabel.xcodeproj; sourceTree = "<group>"; };
		AFAABC02198F107300E23E72 /* AddressBook.framework */ = {isa = PBXFileReference; lastKnownFileType = wrapper.framework; name = AddressBook.framework; path = System/Library/Frameworks/AddressBook.framework; sourceTree = SDKROOT; };
		AFAABC04198F107C00E23E72 /* AddressBookUI.framework */ = {isa = PBXFileReference; lastKnownFileType = wrapper.framework; name = AddressBookUI.framework; path = System/Library/Frameworks/AddressBookUI.framework; sourceTree = SDKROOT; };
		AFAABC06198F108E00E23E72 /* CoreLocation.framework */ = {isa = PBXFileReference; lastKnownFileType = wrapper.framework; name = CoreLocation.framework; path = System/Library/Frameworks/CoreLocation.framework; sourceTree = SDKROOT; };
		AFAABC07198F108E00E23E72 /* CoreText.framework */ = {isa = PBXFileReference; lastKnownFileType = wrapper.framework; name = CoreText.framework; path = System/Library/Frameworks/CoreText.framework; sourceTree = SDKROOT; };
		AFAABC0A198F109A00E23E72 /* QuartzCore.framework */ = {isa = PBXFileReference; lastKnownFileType = wrapper.framework; name = QuartzCore.framework; path = System/Library/Frameworks/QuartzCore.framework; sourceTree = SDKROOT; };
		AFAABC0C198F10A200E23E72 /* Security.framework */ = {isa = PBXFileReference; lastKnownFileType = wrapper.framework; name = Security.framework; path = System/Library/Frameworks/Security.framework; sourceTree = SDKROOT; };
		AFAABC0E198F11C800E23E72 /* SoundCloud.bundle */ = {isa = PBXFileReference; lastKnownFileType = "wrapper.plug-in"; path = SoundCloud.bundle; sourceTree = "<group>"; };
		AFAABC10198F506F00E23E72 /* SCTTrackListViewController.h */ = {isa = PBXFileReference; fileEncoding = 4; lastKnownFileType = sourcecode.c.h; path = SCTTrackListViewController.h; sourceTree = "<group>"; };
		AFAABC11198F506F00E23E72 /* SCTTrackListViewController.m */ = {isa = PBXFileReference; fileEncoding = 4; lastKnownFileType = sourcecode.c.objc; path = SCTTrackListViewController.m; sourceTree = "<group>"; };
		AFAABC13198F563000E23E72 /* AVFoundation.framework */ = {isa = PBXFileReference; lastKnownFileType = wrapper.framework; name = AVFoundation.framework; path = System/Library/Frameworks/AVFoundation.framework; sourceTree = SDKROOT; };
		AFB2ECFA1989E10300510FEE /* SampleApp.app */ = {isa = PBXFileReference; explicitFileType = wrapper.application; includeInIndex = 0; path = SampleApp.app; sourceTree = BUILT_PRODUCTS_DIR; };
		AFB2ECFD1989E10300510FEE /* Foundation.framework */ = {isa = PBXFileReference; lastKnownFileType = wrapper.framework; name = Foundation.framework; path = System/Library/Frameworks/Foundation.framework; sourceTree = SDKROOT; };
		AFB2ECFF1989E10300510FEE /* CoreGraphics.framework */ = {isa = PBXFileReference; lastKnownFileType = wrapper.framework; name = CoreGraphics.framework; path = System/Library/Frameworks/CoreGraphics.framework; sourceTree = SDKROOT; };
		AFB2ED011989E10300510FEE /* UIKit.framework */ = {isa = PBXFileReference; lastKnownFileType = wrapper.framework; name = UIKit.framework; path = System/Library/Frameworks/UIKit.framework; sourceTree = SDKROOT; };
		AFB2ED051989E10300510FEE /* SampleApp-Info.plist */ = {isa = PBXFileReference; lastKnownFileType = text.plist.xml; path = "SampleApp-Info.plist"; sourceTree = "<group>"; };
		AFB2ED071989E10300510FEE /* en */ = {isa = PBXFileReference; lastKnownFileType = text.plist.strings; name = en; path = en.lproj/InfoPlist.strings; sourceTree = "<group>"; };
		AFB2ED091989E10300510FEE /* main.m */ = {isa = PBXFileReference; lastKnownFileType = sourcecode.c.objc; path = main.m; sourceTree = "<group>"; };
		AFB2ED0B1989E10300510FEE /* SampleApp-Prefix.pch */ = {isa = PBXFileReference; lastKnownFileType = sourcecode.c.h; path = "SampleApp-Prefix.pch"; sourceTree = "<group>"; };
		AFB2ED0C1989E10300510FEE /* SDCAppDelegate.h */ = {isa = PBXFileReference; lastKnownFileType = sourcecode.c.h; path = SDCAppDelegate.h; sourceTree = "<group>"; };
		AFB2ED0D1989E10300510FEE /* SDCAppDelegate.m */ = {isa = PBXFileReference; lastKnownFileType = sourcecode.c.objc; path = SDCAppDelegate.m; sourceTree = "<group>"; };
		AFB2ED101989E10300510FEE /* Base */ = {isa = PBXFileReference; lastKnownFileType = file.storyboard; name = Base; path = Base.lproj/Main.storyboard; sourceTree = "<group>"; };
		AFB2ED121989E10300510FEE /* SDCViewController.h */ = {isa = PBXFileReference; lastKnownFileType = sourcecode.c.h; path = SDCViewController.h; sourceTree = "<group>"; };
		AFB2ED131989E10300510FEE /* SDCViewController.m */ = {isa = PBXFileReference; lastKnownFileType = sourcecode.c.objc; path = SDCViewController.m; sourceTree = "<group>"; };
		AFB2ED151989E10300510FEE /* Images.xcassets */ = {isa = PBXFileReference; lastKnownFileType = folder.assetcatalog; path = Images.xcassets; sourceTree = "<group>"; };
		AFB2ED1B1989E10300510FEE /* SampleAppTests.xctest */ = {isa = PBXFileReference; explicitFileType = wrapper.cfbundle; includeInIndex = 0; path = SampleAppTests.xctest; sourceTree = BUILT_PRODUCTS_DIR; };
		AFB2ED1C1989E10300510FEE /* XCTest.framework */ = {isa = PBXFileReference; lastKnownFileType = wrapper.framework; name = XCTest.framework; path = Library/Frameworks/XCTest.framework; sourceTree = DEVELOPER_DIR; };
		AFB2ED241989E10300510FEE /* SampleAppTests-Info.plist */ = {isa = PBXFileReference; lastKnownFileType = text.plist.xml; path = "SampleAppTests-Info.plist"; sourceTree = "<group>"; };
		AFB2ED261989E10300510FEE /* en */ = {isa = PBXFileReference; lastKnownFileType = text.plist.strings; name = en; path = en.lproj/InfoPlist.strings; sourceTree = "<group>"; };
		AFB2ED281989E10400510FEE /* SampleAppTests.m */ = {isa = PBXFileReference; lastKnownFileType = sourcecode.c.objc; path = SampleAppTests.m; sourceTree = "<group>"; };
/* End PBXFileReference section */

/* Begin PBXFrameworksBuildPhase section */
		AFB2ECF71989E10300510FEE /* Frameworks */ = {
			isa = PBXFrameworksBuildPhase;
			buildActionMask = 2147483647;
			files = (
				AFAABC14198F563000E23E72 /* AVFoundation.framework in Frameworks */,
				AFAABC0D198F10A200E23E72 /* Security.framework in Frameworks */,
				AFAABC0B198F109A00E23E72 /* QuartzCore.framework in Frameworks */,
				AFAABC08198F108E00E23E72 /* CoreLocation.framework in Frameworks */,
				AFAABC09198F108E00E23E72 /* CoreText.framework in Frameworks */,
				AFB2ED001989E10300510FEE /* CoreGraphics.framework in Frameworks */,
				AFAABC05198F107C00E23E72 /* AddressBookUI.framework in Frameworks */,
				AFAABC03198F107300E23E72 /* AddressBook.framework in Frameworks */,
				AFAABBFD198F106400E23E72 /* libJSONKit.a in Frameworks */,
				AFAABBFE198F106400E23E72 /* libOAuth2Client.a in Frameworks */,
				AFAABBFF198F106400E23E72 /* libOHAttributedLabel.a in Frameworks */,
				AFAABC00198F106400E23E72 /* libSoundCloudAPI.a in Frameworks */,
				AFAABC01198F106400E23E72 /* libSoundCloudUI.a in Frameworks */,
				AFB2ED021989E10300510FEE /* UIKit.framework in Frameworks */,
				AFB2ECFE1989E10300510FEE /* Foundation.framework in Frameworks */,
			);
			runOnlyForDeploymentPostprocessing = 0;
		};
		AFB2ED181989E10300510FEE /* Frameworks */ = {
			isa = PBXFrameworksBuildPhase;
			buildActionMask = 2147483647;
			files = (
				AFB2ED1D1989E10300510FEE /* XCTest.framework in Frameworks */,
				AFB2ED1F1989E10300510FEE /* UIKit.framework in Frameworks */,
				AFB2ED1E1989E10300510FEE /* Foundation.framework in Frameworks */,
			);
			runOnlyForDeploymentPostprocessing = 0;
		};
/* End PBXFrameworksBuildPhase section */

/* Begin PBXGroup section */
		AFAABBCA198F0D2C00E23E72 /* Products */ = {
			isa = PBXGroup;
			children = (
				AFAABBCF198F0D2D00E23E72 /* libSoundCloudUI.a */,
				AFAABBD1198F0D2D00E23E72 /* SoundCloudUI.framework */,
			);
			name = Products;
			sourceTree = "<group>";
		};
		AFAABBD3198F0D6300E23E72 /* Products */ = {
			isa = PBXGroup;
			children = (
				AFAABBD8198F0D6400E23E72 /* SoundCloudAPI.framework */,
				AFAABBDA198F0D6400E23E72 /* libSoundCloudAPI.a */,
			);
			name = Products;
			sourceTree = "<group>";
		};
		AFAABBDC198F0D7600E23E72 /* Products */ = {
			isa = PBXGroup;
			children = (
				AFAABBE1198F0D7600E23E72 /* libJSONKit.a */,
				AFAABBE3198F0D7600E23E72 /* JSONKit.framework */,
			);
			name = Products;
			sourceTree = "<group>";
		};
		AFAABBE5198F0D8200E23E72 /* Products */ = {
			isa = PBXGroup;
			children = (
				AFAABBEA198F0D8200E23E72 /* OAuth2Client.framework */,
				AFAABBEC198F0D8200E23E72 /* libOAuth2Client.a */,
			);
			name = Products;
			sourceTree = "<group>";
		};
		AFAABBEE198F0D9200E23E72 /* Products */ = {
			isa = PBXGroup;
			children = (
				AFAABBF2198F0D9200E23E72 /* libOHAttributedLabel.a */,
			);
			name = Products;
			sourceTree = "<group>";
		};
		AFB2ECF11989E10300510FEE = {
			isa = PBXGroup;
			children = (
				AFB2ED031989E10300510FEE /* SampleApp */,
				AFB2ED221989E10300510FEE /* SampleAppTests */,
				AFB2ECFC1989E10300510FEE /* Frameworks */,
				AFB2ECFB1989E10300510FEE /* Products */,
				AFAABBED198F0D9200E23E72 /* OHAttributedLabel.xcodeproj */,
				AFAABBE4198F0D8200E23E72 /* OAuth2Client.xcodeproj */,
				AFAABBDB198F0D7600E23E72 /* JSONKit.xcodeproj */,
				AFAABBD2198F0D6300E23E72 /* SoundCloudAPI.xcodeproj */,
				AFAABBC9198F0D2C00E23E72 /* SoundCloudUI.xcodeproj */,
			);
			sourceTree = "<group>";
		};
		AFB2ECFB1989E10300510FEE /* Products */ = {
			isa = PBXGroup;
			children = (
				AFB2ECFA1989E10300510FEE /* SampleApp.app */,
				AFB2ED1B1989E10300510FEE /* SampleAppTests.xctest */,
			);
			name = Products;
			sourceTree = "<group>";
		};
		AFB2ECFC1989E10300510FEE /* Frameworks */ = {
			isa = PBXGroup;
			children = (
				AFAABC13198F563000E23E72 /* AVFoundation.framework */,
				AFAABC0C198F10A200E23E72 /* Security.framework */,
				AFAABC0A198F109A00E23E72 /* QuartzCore.framework */,
				AFAABC06198F108E00E23E72 /* CoreLocation.framework */,
				AFAABC07198F108E00E23E72 /* CoreText.framework */,
				AFAABC04198F107C00E23E72 /* AddressBookUI.framework */,
				AFAABC02198F107300E23E72 /* AddressBook.framework */,
				AFB2ECFD1989E10300510FEE /* Foundation.framework */,
				AFB2ECFF1989E10300510FEE /* CoreGraphics.framework */,
				AFB2ED011989E10300510FEE /* UIKit.framework */,
				AFB2ED1C1989E10300510FEE /* XCTest.framework */,
			);
			name = Frameworks;
			sourceTree = "<group>";
		};
		AFB2ED031989E10300510FEE /* SampleApp */ = {
			isa = PBXGroup;
			children = (
				AFA9839F1992ECF000EAB611 /* Spring.mp3 */,
				AFB2ED0C1989E10300510FEE /* SDCAppDelegate.h */,
				AFB2ED0D1989E10300510FEE /* SDCAppDelegate.m */,
				AFB2ED0F1989E10300510FEE /* Main.storyboard */,
				AFB2ED121989E10300510FEE /* SDCViewController.h */,
				AFB2ED131989E10300510FEE /* SDCViewController.m */,
				AFAABC10198F506F00E23E72 /* SCTTrackListViewController.h */,
				AFAABC11198F506F00E23E72 /* SCTTrackListViewController.m */,
				AFB2ED151989E10300510FEE /* Images.xcassets */,
				AFB2ED041989E10300510FEE /* Supporting Files */,
			);
			path = SampleApp;
			sourceTree = "<group>";
		};
		AFB2ED041989E10300510FEE /* Supporting Files */ = {
			isa = PBXGroup;
			children = (
				AFAABC0E198F11C800E23E72 /* SoundCloud.bundle */,
				AFB2ED051989E10300510FEE /* SampleApp-Info.plist */,
				AFB2ED061989E10300510FEE /* InfoPlist.strings */,
				AFB2ED091989E10300510FEE /* main.m */,
				AFB2ED0B1989E10300510FEE /* SampleApp-Prefix.pch */,
			);
			name = "Supporting Files";
			sourceTree = "<group>";
		};
		AFB2ED221989E10300510FEE /* SampleAppTests */ = {
			isa = PBXGroup;
			children = (
				AFB2ED281989E10400510FEE /* SampleAppTests.m */,
				AFB2ED231989E10300510FEE /* Supporting Files */,
			);
			path = SampleAppTests;
			sourceTree = "<group>";
		};
		AFB2ED231989E10300510FEE /* Supporting Files */ = {
			isa = PBXGroup;
			children = (
				AFB2ED241989E10300510FEE /* SampleAppTests-Info.plist */,
				AFB2ED251989E10300510FEE /* InfoPlist.strings */,
			);
			name = "Supporting Files";
			sourceTree = "<group>";
		};
/* End PBXGroup section */

/* Begin PBXNativeTarget section */
		AFB2ECF91989E10300510FEE /* SampleApp */ = {
			isa = PBXNativeTarget;
			buildConfigurationList = AFB2ED2C1989E10400510FEE /* Build configuration list for PBXNativeTarget "SampleApp" */;
			buildPhases = (
				AFB2ECF61989E10300510FEE /* Sources */,
				AFB2ECF71989E10300510FEE /* Frameworks */,
				AFB2ECF81989E10300510FEE /* Resources */,
			);
			buildRules = (
			);
			dependencies = (
				AFAABBFC198F103E00E23E72 /* PBXTargetDependency */,
				AFAABBF4198F103900E23E72 /* PBXTargetDependency */,
				AFAABBF6198F103900E23E72 /* PBXTargetDependency */,
				AFAABBF8198F103900E23E72 /* PBXTargetDependency */,
				AFAABBFA198F103900E23E72 /* PBXTargetDependency */,
			);
			name = SampleApp;
			productName = SampleApp;
			productReference = AFB2ECFA1989E10300510FEE /* SampleApp.app */;
			productType = "com.apple.product-type.application";
		};
		AFB2ED1A1989E10300510FEE /* SampleAppTests */ = {
			isa = PBXNativeTarget;
			buildConfigurationList = AFB2ED2F1989E10400510FEE /* Build configuration list for PBXNativeTarget "SampleAppTests" */;
			buildPhases = (
				AFB2ED171989E10300510FEE /* Sources */,
				AFB2ED181989E10300510FEE /* Frameworks */,
				AFB2ED191989E10300510FEE /* Resources */,
			);
			buildRules = (
			);
			dependencies = (
				AFB2ED211989E10300510FEE /* PBXTargetDependency */,
			);
			name = SampleAppTests;
			productName = SampleAppTests;
			productReference = AFB2ED1B1989E10300510FEE /* SampleAppTests.xctest */;
			productType = "com.apple.product-type.bundle.unit-test";
		};
/* End PBXNativeTarget section */

/* Begin PBXProject section */
		AFB2ECF21989E10300510FEE /* Project object */ = {
			isa = PBXProject;
			attributes = {
				CLASSPREFIX = SDC;
				LastUpgradeCheck = 0510;
				ORGANIZATIONNAME = "Kathryn Bearden";
				TargetAttributes = {
					AFB2ED1A1989E10300510FEE = {
						TestTargetID = AFB2ECF91989E10300510FEE;
					};
				};
			};
			buildConfigurationList = AFB2ECF51989E10300510FEE /* Build configuration list for PBXProject "SampleApp" */;
			compatibilityVersion = "Xcode 3.2";
			developmentRegion = English;
			hasScannedForEncodings = 0;
			knownRegions = (
				en,
				Base,
			);
			mainGroup = AFB2ECF11989E10300510FEE;
			productRefGroup = AFB2ECFB1989E10300510FEE /* Products */;
			projectDirPath = "";
			projectReferences = (
				{
					ProductGroup = AFAABBDC198F0D7600E23E72 /* Products */;
					ProjectRef = AFAABBDB198F0D7600E23E72 /* JSONKit.xcodeproj */;
				},
				{
					ProductGroup = AFAABBE5198F0D8200E23E72 /* Products */;
					ProjectRef = AFAABBE4198F0D8200E23E72 /* OAuth2Client.xcodeproj */;
				},
				{
					ProductGroup = AFAABBEE198F0D9200E23E72 /* Products */;
					ProjectRef = AFAABBED198F0D9200E23E72 /* OHAttributedLabel.xcodeproj */;
				},
				{
					ProductGroup = AFAABBD3198F0D6300E23E72 /* Products */;
					ProjectRef = AFAABBD2198F0D6300E23E72 /* SoundCloudAPI.xcodeproj */;
				},
				{
					ProductGroup = AFAABBCA198F0D2C00E23E72 /* Products */;
					ProjectRef = AFAABBC9198F0D2C00E23E72 /* SoundCloudUI.xcodeproj */;
				},
			);
			projectRoot = "";
			targets = (
				AFB2ECF91989E10300510FEE /* SampleApp */,
				AFB2ED1A1989E10300510FEE /* SampleAppTests */,
			);
		};
/* End PBXProject section */

/* Begin PBXReferenceProxy section */
		AFAABBCF198F0D2D00E23E72 /* libSoundCloudUI.a */ = {
			isa = PBXReferenceProxy;
			fileType = archive.ar;
			path = libSoundCloudUI.a;
			remoteRef = AFAABBCE198F0D2D00E23E72 /* PBXContainerItemProxy */;
			sourceTree = BUILT_PRODUCTS_DIR;
		};
		AFAABBD1198F0D2D00E23E72 /* SoundCloudUI.framework */ = {
			isa = PBXReferenceProxy;
			fileType = wrapper.framework;
			path = SoundCloudUI.framework;
			remoteRef = AFAABBD0198F0D2D00E23E72 /* PBXContainerItemProxy */;
			sourceTree = BUILT_PRODUCTS_DIR;
		};
		AFAABBD8198F0D6400E23E72 /* SoundCloudAPI.framework */ = {
			isa = PBXReferenceProxy;
			fileType = wrapper.framework;
			path = SoundCloudAPI.framework;
			remoteRef = AFAABBD7198F0D6400E23E72 /* PBXContainerItemProxy */;
			sourceTree = BUILT_PRODUCTS_DIR;
		};
		AFAABBDA198F0D6400E23E72 /* libSoundCloudAPI.a */ = {
			isa = PBXReferenceProxy;
			fileType = archive.ar;
			path = libSoundCloudAPI.a;
			remoteRef = AFAABBD9198F0D6400E23E72 /* PBXContainerItemProxy */;
			sourceTree = BUILT_PRODUCTS_DIR;
		};
		AFAABBE1198F0D7600E23E72 /* libJSONKit.a */ = {
			isa = PBXReferenceProxy;
			fileType = archive.ar;
			path = libJSONKit.a;
			remoteRef = AFAABBE0198F0D7600E23E72 /* PBXContainerItemProxy */;
			sourceTree = BUILT_PRODUCTS_DIR;
		};
		AFAABBE3198F0D7600E23E72 /* JSONKit.framework */ = {
			isa = PBXReferenceProxy;
			fileType = wrapper.framework;
			path = JSONKit.framework;
			remoteRef = AFAABBE2198F0D7600E23E72 /* PBXContainerItemProxy */;
			sourceTree = BUILT_PRODUCTS_DIR;
		};
		AFAABBEA198F0D8200E23E72 /* OAuth2Client.framework */ = {
			isa = PBXReferenceProxy;
			fileType = wrapper.framework;
			path = OAuth2Client.framework;
			remoteRef = AFAABBE9198F0D8200E23E72 /* PBXContainerItemProxy */;
			sourceTree = BUILT_PRODUCTS_DIR;
		};
		AFAABBEC198F0D8200E23E72 /* libOAuth2Client.a */ = {
			isa = PBXReferenceProxy;
			fileType = archive.ar;
			path = libOAuth2Client.a;
			remoteRef = AFAABBEB198F0D8200E23E72 /* PBXContainerItemProxy */;
			sourceTree = BUILT_PRODUCTS_DIR;
		};
		AFAABBF2198F0D9200E23E72 /* libOHAttributedLabel.a */ = {
			isa = PBXReferenceProxy;
			fileType = archive.ar;
			path = libOHAttributedLabel.a;
			remoteRef = AFAABBF1198F0D9200E23E72 /* PBXContainerItemProxy */;
			sourceTree = BUILT_PRODUCTS_DIR;
		};
/* End PBXReferenceProxy section */

/* Begin PBXResourcesBuildPhase section */
		AFB2ECF81989E10300510FEE /* Resources */ = {
			isa = PBXResourcesBuildPhase;
			buildActionMask = 2147483647;
			files = (
				AFB2ED161989E10300510FEE /* Images.xcassets in Resources */,
				AFAABC0F198F11C800E23E72 /* SoundCloud.bundle in Resources */,
				AFA983A01992ECF000EAB611 /* Spring.mp3 in Resources */,
				AFB2ED081989E10300510FEE /* InfoPlist.strings in Resources */,
				AFB2ED111989E10300510FEE /* Main.storyboard in Resources */,
			);
			runOnlyForDeploymentPostprocessing = 0;
		};
		AFB2ED191989E10300510FEE /* Resources */ = {
			isa = PBXResourcesBuildPhase;
			buildActionMask = 2147483647;
			files = (
				AFB2ED271989E10300510FEE /* InfoPlist.strings in Resources */,
			);
			runOnlyForDeploymentPostprocessing = 0;
		};
/* End PBXResourcesBuildPhase section */

/* Begin PBXSourcesBuildPhase section */
		AFB2ECF61989E10300510FEE /* Sources */ = {
			isa = PBXSourcesBuildPhase;
			buildActionMask = 2147483647;
			files = (
				AFB2ED141989E10300510FEE /* SDCViewController.m in Sources */,
				AFB2ED0A1989E10300510FEE /* main.m in Sources */,
				AFAABC12198F506F00E23E72 /* SCTTrackListViewController.m in Sources */,
				AFB2ED0E1989E10300510FEE /* SDCAppDelegate.m in Sources */,
			);
			runOnlyForDeploymentPostprocessing = 0;
		};
		AFB2ED171989E10300510FEE /* Sources */ = {
			isa = PBXSourcesBuildPhase;
			buildActionMask = 2147483647;
			files = (
				AFB2ED291989E10400510FEE /* SampleAppTests.m in Sources */,
			);
			runOnlyForDeploymentPostprocessing = 0;
		};
/* End PBXSourcesBuildPhase section */

/* Begin PBXTargetDependency section */
		AFAABBF4198F103900E23E72 /* PBXTargetDependency */ = {
			isa = PBXTargetDependency;
			name = OHAttributedLabel;
			targetProxy = AFAABBF3198F103900E23E72 /* PBXContainerItemProxy */;
		};
		AFAABBF6198F103900E23E72 /* PBXTargetDependency */ = {
			isa = PBXTargetDependency;
			name = OAuth2Client;
			targetProxy = AFAABBF5198F103900E23E72 /* PBXContainerItemProxy */;
		};
		AFAABBF8198F103900E23E72 /* PBXTargetDependency */ = {
			isa = PBXTargetDependency;
			name = libJSONKit;
			targetProxy = AFAABBF7198F103900E23E72 /* PBXContainerItemProxy */;
		};
		AFAABBFA198F103900E23E72 /* PBXTargetDependency */ = {
			isa = PBXTargetDependency;
			name = SoundCloudAPI;
			targetProxy = AFAABBF9198F103900E23E72 /* PBXContainerItemProxy */;
		};
		AFAABBFC198F103E00E23E72 /* PBXTargetDependency */ = {
			isa = PBXTargetDependency;
			name = libSoundCloudUI;
			targetProxy = AFAABBFB198F103E00E23E72 /* PBXContainerItemProxy */;
		};
		AFB2ED211989E10300510FEE /* PBXTargetDependency */ = {
			isa = PBXTargetDependency;
			target = AFB2ECF91989E10300510FEE /* SampleApp */;
			targetProxy = AFB2ED201989E10300510FEE /* PBXContainerItemProxy */;
		};
/* End PBXTargetDependency section */

/* Begin PBXVariantGroup section */
		AFB2ED061989E10300510FEE /* InfoPlist.strings */ = {
			isa = PBXVariantGroup;
			children = (
				AFB2ED071989E10300510FEE /* en */,
			);
			name = InfoPlist.strings;
			sourceTree = "<group>";
		};
		AFB2ED0F1989E10300510FEE /* Main.storyboard */ = {
			isa = PBXVariantGroup;
			children = (
				AFB2ED101989E10300510FEE /* Base */,
			);
			name = Main.storyboard;
			sourceTree = "<group>";
		};
		AFB2ED251989E10300510FEE /* InfoPlist.strings */ = {
			isa = PBXVariantGroup;
			children = (
				AFB2ED261989E10300510FEE /* en */,
			);
			name = InfoPlist.strings;
			sourceTree = "<group>";
		};
/* End PBXVariantGroup section */

/* Begin XCBuildConfiguration section */
		AFB2ED2A1989E10400510FEE /* Debug */ = {
			isa = XCBuildConfiguration;
			buildSettings = {
				ALWAYS_SEARCH_USER_PATHS = NO;
				CLANG_CXX_LANGUAGE_STANDARD = "gnu++0x";
				CLANG_CXX_LIBRARY = "libc++";
				CLANG_ENABLE_MODULES = YES;
				CLANG_ENABLE_OBJC_ARC = YES;
				CLANG_WARN_BOOL_CONVERSION = YES;
				CLANG_WARN_CONSTANT_CONVERSION = YES;
				CLANG_WARN_DIRECT_OBJC_ISA_USAGE = YES_ERROR;
				CLANG_WARN_EMPTY_BODY = YES;
				CLANG_WARN_ENUM_CONVERSION = YES;
				CLANG_WARN_INT_CONVERSION = YES;
				CLANG_WARN_OBJC_ROOT_CLASS = YES_ERROR;
				CLANG_WARN__DUPLICATE_METHOD_MATCH = YES;
				"CODE_SIGN_IDENTITY[sdk=iphoneos*]" = "iPhone Developer";
				COPY_PHASE_STRIP = NO;
				GCC_C_LANGUAGE_STANDARD = gnu99;
				GCC_DYNAMIC_NO_PIC = NO;
				GCC_OPTIMIZATION_LEVEL = 0;
				GCC_PREPROCESSOR_DEFINITIONS = (
					"DEBUG=1",
					"$(inherited)",
				);
				GCC_SYMBOLS_PRIVATE_EXTERN = NO;
				GCC_WARN_64_TO_32_BIT_CONVERSION = YES;
				GCC_WARN_ABOUT_RETURN_TYPE = YES_ERROR;
				GCC_WARN_UNDECLARED_SELECTOR = YES;
				GCC_WARN_UNINITIALIZED_AUTOS = YES_AGGRESSIVE;
				GCC_WARN_UNUSED_FUNCTION = YES;
				GCC_WARN_UNUSED_VARIABLE = YES;
				IPHONEOS_DEPLOYMENT_TARGET = 7.1;
				ONLY_ACTIVE_ARCH = YES;
				SDKROOT = iphoneos;
			};
			name = Debug;
		};
		AFB2ED2B1989E10400510FEE /* Release */ = {
			isa = XCBuildConfiguration;
			buildSettings = {
				ALWAYS_SEARCH_USER_PATHS = NO;
				CLANG_CXX_LANGUAGE_STANDARD = "gnu++0x";
				CLANG_CXX_LIBRARY = "libc++";
				CLANG_ENABLE_MODULES = YES;
				CLANG_ENABLE_OBJC_ARC = YES;
				CLANG_WARN_BOOL_CONVERSION = YES;
				CLANG_WARN_CONSTANT_CONVERSION = YES;
				CLANG_WARN_DIRECT_OBJC_ISA_USAGE = YES_ERROR;
				CLANG_WARN_EMPTY_BODY = YES;
				CLANG_WARN_ENUM_CONVERSION = YES;
				CLANG_WARN_INT_CONVERSION = YES;
				CLANG_WARN_OBJC_ROOT_CLASS = YES_ERROR;
				CLANG_WARN__DUPLICATE_METHOD_MATCH = YES;
				"CODE_SIGN_IDENTITY[sdk=iphoneos*]" = "iPhone Developer";
				COPY_PHASE_STRIP = YES;
				ENABLE_NS_ASSERTIONS = NO;
				GCC_C_LANGUAGE_STANDARD = gnu99;
				GCC_WARN_64_TO_32_BIT_CONVERSION = YES;
				GCC_WARN_ABOUT_RETURN_TYPE = YES_ERROR;
				GCC_WARN_UNDECLARED_SELECTOR = YES;
				GCC_WARN_UNINITIALIZED_AUTOS = YES_AGGRESSIVE;
				GCC_WARN_UNUSED_FUNCTION = YES;
				GCC_WARN_UNUSED_VARIABLE = YES;
				IPHONEOS_DEPLOYMENT_TARGET = 7.1;
				SDKROOT = iphoneos;
				VALIDATE_PRODUCT = YES;
			};
			name = Release;
		};
		AFB2ED2D1989E10400510FEE /* Debug */ = {
			isa = XCBuildConfiguration;
			buildSettings = {
				ASSETCATALOG_COMPILER_APPICON_NAME = AppIcon;
				ASSETCATALOG_COMPILER_LAUNCHIMAGE_NAME = LaunchImage;
				GCC_PRECOMPILE_PREFIX_HEADER = YES;
				GCC_PREFIX_HEADER = "SampleApp/SampleApp-Prefix.pch";
				HEADER_SEARCH_PATHS = (
					"<Multiple",
					"values>",
					"$PROJECT_DIR/**",
				);
				"HEADER_SEARCH_PATHS[arch=*]" = (
					"$(inherited)",
					/Applications/Xcode.app/Contents/Developer/Toolchains/XcodeDefault.xctoolchain/usr/include,
					"$PROJECT_DIR/**",
				);
				INFOPLIST_FILE = "SampleApp/SampleApp-Info.plist";
				OTHER_LDFLAGS = "-ObjC";
				PRODUCT_NAME = "$(TARGET_NAME)";
				WRAPPER_EXTENSION = app;
			};
			name = Debug;
		};
		AFB2ED2E1989E10400510FEE /* Release */ = {
			isa = XCBuildConfiguration;
			buildSettings = {
				ASSETCATALOG_COMPILER_APPICON_NAME = AppIcon;
				ASSETCATALOG_COMPILER_LAUNCHIMAGE_NAME = LaunchImage;
				GCC_PRECOMPILE_PREFIX_HEADER = YES;
				GCC_PREFIX_HEADER = "SampleApp/SampleApp-Prefix.pch";
				HEADER_SEARCH_PATHS = (
					"<Multiple",
					"values>",
					"$PROJECT_DIR/**",
				);
				"HEADER_SEARCH_PATHS[arch=*]" = (
					"$(inherited)",
					/Applications/Xcode.app/Contents/Developer/Toolchains/XcodeDefault.xctoolchain/usr/include,
					"$PROJECT_DIR/**",
				);
				INFOPLIST_FILE = "SampleApp/SampleApp-Info.plist";
				OTHER_LDFLAGS = "-ObjC";
				PRODUCT_NAME = "$(TARGET_NAME)";
				WRAPPER_EXTENSION = app;
			};
			name = Release;
		};
		AFB2ED301989E10400510FEE /* Debug */ = {
			isa = XCBuildConfiguration;
			buildSettings = {
				BUNDLE_LOADER = "$(BUILT_PRODUCTS_DIR)/SampleApp.app/SampleApp";
				FRAMEWORK_SEARCH_PATHS = (
					"$(SDKROOT)/Developer/Library/Frameworks",
					"$(inherited)",
					"$(DEVELOPER_FRAMEWORKS_DIR)",
				);
				GCC_PRECOMPILE_PREFIX_HEADER = YES;
				GCC_PREFIX_HEADER = "SampleApp/SampleApp-Prefix.pch";
				GCC_PREPROCESSOR_DEFINITIONS = (
					"DEBUG=1",
					"$(inherited)",
				);
				INFOPLIST_FILE = "SampleAppTests/SampleAppTests-Info.plist";
				PRODUCT_NAME = "$(TARGET_NAME)";
				TEST_HOST = "$(BUNDLE_LOADER)";
				WRAPPER_EXTENSION = xctest;
			};
			name = Debug;
		};
		AFB2ED311989E10400510FEE /* Release */ = {
			isa = XCBuildConfiguration;
			buildSettings = {
				BUNDLE_LOADER = "$(BUILT_PRODUCTS_DIR)/SampleApp.app/SampleApp";
				FRAMEWORK_SEARCH_PATHS = (
					"$(SDKROOT)/Developer/Library/Frameworks",
					"$(inherited)",
					"$(DEVELOPER_FRAMEWORKS_DIR)",
				);
				GCC_PRECOMPILE_PREFIX_HEADER = YES;
				GCC_PREFIX_HEADER = "SampleApp/SampleApp-Prefix.pch";
				INFOPLIST_FILE = "SampleAppTests/SampleAppTests-Info.plist";
				PRODUCT_NAME = "$(TARGET_NAME)";
				TEST_HOST = "$(BUNDLE_LOADER)";
				WRAPPER_EXTENSION = xctest;
			};
			name = Release;
		};
/* End XCBuildConfiguration section */

/* Begin XCConfigurationList section */
		AFB2ECF51989E10300510FEE /* Build configuration list for PBXProject "SampleApp" */ = {
			isa = XCConfigurationList;
			buildConfigurations = (
				AFB2ED2A1989E10400510FEE /* Debug */,
				AFB2ED2B1989E10400510FEE /* Release */,
			);
			defaultConfigurationIsVisible = 0;
			defaultConfigurationName = Release;
		};
		AFB2ED2C1989E10400510FEE /* Build configuration list for PBXNativeTarget "SampleApp" */ = {
			isa = XCConfigurationList;
			buildConfigurations = (
				AFB2ED2D1989E10400510FEE /* Debug */,
				AFB2ED2E1989E10400510FEE /* Release */,
			);
			defaultConfigurationIsVisible = 0;
			defaultConfigurationName = Release;
		};
		AFB2ED2F1989E10400510FEE /* Build configuration list for PBXNativeTarget "SampleAppTests" */ = {
			isa = XCConfigurationList;
			buildConfigurations = (
				AFB2ED301989E10400510FEE /* Debug */,
				AFB2ED311989E10400510FEE /* Release */,
			);
			defaultConfigurationIsVisible = 0;
			defaultConfigurationName = Release;
		};
/* End XCConfigurationList section */
	};
	rootObject = AFB2ECF21989E10300510FEE /* Project object */;
}
